
Microsoft Visual Studio Solution File, Format Version 12.00
# Visual Studio Version 17
VisualStudioVersion = 17.7.34202.233
MinimumVisualStudioVersion = 10.0.40219.1
Project("{FAE04EC0-301F-11D3-BF4B-00C04F79EFBC}") = "ConsoleApp18", "ConsoleApp18\ConsoleApp18.csproj", "{50FC4633-3B94-4159-B3A5-9BDD16B98F46}"
EndProject
Global
	GlobalSection(SolutionConfigurationPlatforms) = preSolution
		Debug|Any CPU = Debug|Any CPU
		Release|Any CPU = Release|Any CPU
	EndGlobalSection
	GlobalSection(ProjectConfigurationPlatforms) = postSolution
		{50FC4633-3B94-4159-B3A5-9BDD16B98F46}.Debug|Any CPU.ActiveCfg = Debug|Any CPU
		{50FC4633-3B94-4159-B3A5-9BDD16B98F46}.Debug|Any CPU.Build.0 = Debug|Any CPU
		{50FC4633-3B94-4159-B3A5-9BDD16B98F46}.Release|Any CPU.ActiveCfg = Release|Any CPU
		{50FC4633-3B94-4159-B3A5-9BDD16B98F46}.Release|Any CPU.Build.0 = Release|Any CPU
	EndGlobalSection
	GlobalSection(SolutionProperties) = preSolution
		HideSolutionNode = FALSE
	EndGlobalSection
	GlobalSection(ExtensibilityGlobals) = postSolution
		SolutionGuid = {77C48711-5EE4-4362-AEEE-8F5C32066827}
	EndGlobalSection
EndGlobal
